// !$*UTF8*$!
{
	archiveVersion = 1;
	classes = {
	};
	objectVersion = 50;
	objects = {

/* Begin PBXBuildFile section */
		72CF4A6F252B3B33003C44BB /* AppDelegate.swift in Sources */ = {isa = PBXBuildFile; fileRef = 72CF4A6E252B3B33003C44BB /* AppDelegate.swift */; };
		72CF4A71252B3B33003C44BB /* SceneDelegate.swift in Sources */ = {isa = PBXBuildFile; fileRef = 72CF4A70252B3B33003C44BB /* SceneDelegate.swift */; };
		72CF4A73252B3B33003C44BB /* ViewController.swift in Sources */ = {isa = PBXBuildFile; fileRef = 72CF4A72252B3B33003C44BB /* ViewController.swift */; };
		72CF4A78252B3B35003C44BB /* Assets.xcassets in Resources */ = {isa = PBXBuildFile; fileRef = 72CF4A77252B3B35003C44BB /* Assets.xcassets */; };
		CED1EEB025448D3A00E2945A /* 1.png in Resources */ = {isa = PBXBuildFile; fileRef = CED1EEAF25448D3A00E2945A /* 1.png */; };
		CED1EEB625449FCE00E2945A /* 3.png in Resources */ = {isa = PBXBuildFile; fileRef = CED1EEB225449FCE00E2945A /* 3.png */; };
		CED1EEB725449FCE00E2945A /* 2.png in Resources */ = {isa = PBXBuildFile; fileRef = CED1EEB325449FCE00E2945A /* 2.png */; };
		CED1EEB825449FCE00E2945A /* 4.png in Resources */ = {isa = PBXBuildFile; fileRef = CED1EEB425449FCE00E2945A /* 4.png */; };
		CED1EEB925449FCE00E2945A /* 5.png in Resources */ = {isa = PBXBuildFile; fileRef = CED1EEB525449FCE00E2945A /* 5.png */; };
		CED1EEBC2544C4B100E2945A /* CollectionViewController.swift in Sources */ = {isa = PBXBuildFile; fileRef = CED1EEBB2544C4B100E2945A /* CollectionViewController.swift */; };
/* End PBXBuildFile section */

/* Begin PBXFileReference section */
		72CF4A6B252B3B33003C44BB /* TestApp.app */ = {isa = PBXFileReference; explicitFileType = wrapper.application; includeInIndex = 0; path = TestApp.app; sourceTree = BUILT_PRODUCTS_DIR; };
		72CF4A6E252B3B33003C44BB /* AppDelegate.swift */ = {isa = PBXFileReference; lastKnownFileType = sourcecode.swift; path = AppDelegate.swift; sourceTree = "<group>"; };
		72CF4A70252B3B33003C44BB /* SceneDelegate.swift */ = {isa = PBXFileReference; lastKnownFileType = sourcecode.swift; path = SceneDelegate.swift; sourceTree = "<group>"; };
		72CF4A72252B3B33003C44BB /* ViewController.swift */ = {isa = PBXFileReference; lastKnownFileType = sourcecode.swift; path = ViewController.swift; sourceTree = "<group>"; };
		72CF4A77252B3B35003C44BB /* Assets.xcassets */ = {isa = PBXFileReference; lastKnownFileType = folder.assetcatalog; path = Assets.xcassets; sourceTree = "<group>"; };
		72CF4A7C252B3B35003C44BB /* Info.plist */ = {isa = PBXFileReference; lastKnownFileType = text.plist.xml; path = Info.plist; sourceTree = "<group>"; };
		CED1EEAF25448D3A00E2945A /* 1.png */ = {isa = PBXFileReference; lastKnownFileType = image.png; path = 1.png; sourceTree = "<group>"; };
		CED1EEB225449FCE00E2945A /* 3.png */ = {isa = PBXFileReference; lastKnownFileType = image.png; name = 3.png; path = ../../../../Downloads/3.png; sourceTree = "<group>"; };
		CED1EEB325449FCE00E2945A /* 2.png */ = {isa = PBXFileReference; lastKnownFileType = image.png; name = 2.png; path = ../../../../Downloads/2.png; sourceTree = "<group>"; };
		CED1EEB425449FCE00E2945A /* 4.png */ = {isa = PBXFileReference; lastKnownFileType = image.png; name = 4.png; path = ../../../../Downloads/4.png; sourceTree = "<group>"; };
		CED1EEB525449FCE00E2945A /* 5.png */ = {isa = PBXFileReference; lastKnownFileType = image.png; name = 5.png; path = ../../../../Downloads/5.png; sourceTree = "<group>"; };
		CED1EEBB2544C4B100E2945A /* CollectionViewController.swift */ = {isa = PBXFileReference; lastKnownFileType = sourcecode.swift; path = CollectionViewController.swift; sourceTree = "<group>"; };
/* End PBXFileReference section */

/* Begin PBXFrameworksBuildPhase section */
		72CF4A68252B3B33003C44BB /* Frameworks */ = {
			isa = PBXFrameworksBuildPhase;
			buildActionMask = 2147483647;
			files = (
			);
			runOnlyForDeploymentPostprocessing = 0;
		};
/* End PBXFrameworksBuildPhase section */

/* Begin PBXGroup section */
		72CF4A62252B3B33003C44BB = {
			isa = PBXGroup;
			children = (
				72CF4A6D252B3B33003C44BB /* TestApp */,
				72CF4A6C252B3B33003C44BB /* Products */,
			);
			sourceTree = "<group>";
		};
		72CF4A6C252B3B33003C44BB /* Products */ = {
			isa = PBXGroup;
			children = (
				72CF4A6B252B3B33003C44BB /* TestApp.app */,
			);
			name = Products;
			sourceTree = "<group>";
		};
		72CF4A6D252B3B33003C44BB /* TestApp */ = {
			isa = PBXGroup;
			children = (
				CED1EEA92544815000E2945A /* Images */,
				72CF4A6E252B3B33003C44BB /* AppDelegate.swift */,
				72CF4A70252B3B33003C44BB /* SceneDelegate.swift */,
				72CF4A72252B3B33003C44BB /* ViewController.swift */,
				72CF4A77252B3B35003C44BB /* Assets.xcassets */,
				72CF4A7C252B3B35003C44BB /* Info.plist */,
				CED1EEBB2544C4B100E2945A /* CollectionViewController.swift */,
			);
			path = TestApp;
			sourceTree = "<group>";
		};
		CED1EEA92544815000E2945A /* Images */ = {
			isa = PBXGroup;
			children = (
				CED1EEAF25448D3A00E2945A /* 1.png */,
				CED1EEB325449FCE00E2945A /* 2.png */,
				CED1EEB225449FCE00E2945A /* 3.png */,
				CED1EEB425449FCE00E2945A /* 4.png */,
				CED1EEB525449FCE00E2945A /* 5.png */,
			);
			path = Images;
			sourceTree = "<group>";
		};
/* End PBXGroup section */

/* Begin PBXNativeTarget section */
		72CF4A6A252B3B33003C44BB /* TestApp */ = {
			isa = PBXNativeTarget;
			buildConfigurationList = 72CF4A7F252B3B35003C44BB /* Build configuration list for PBXNativeTarget "TestApp" */;
			buildPhases = (
				72CF4A67252B3B33003C44BB /* Sources */,
				72CF4A68252B3B33003C44BB /* Frameworks */,
				72CF4A69252B3B33003C44BB /* Resources */,
			);
			buildRules = (
			);
			dependencies = (
			);
			name = TestApp;
			productName = TestApp;
			productReference = 72CF4A6B252B3B33003C44BB /* TestApp.app */;
			productType = "com.apple.product-type.application";
		};
/* End PBXNativeTarget section */

/* Begin PBXProject section */
		72CF4A63252B3B33003C44BB /* Project object */ = {
			isa = PBXProject;
			attributes = {
				LastSwiftUpdateCheck = 1200;
				LastUpgradeCheck = 1200;
				TargetAttributes = {
					72CF4A6A252B3B33003C44BB = {
						CreatedOnToolsVersion = 12.0.1;
					};
				};
			};
			buildConfigurationList = 72CF4A66252B3B33003C44BB /* Build configuration list for PBXProject "TestApp" */;
			compatibilityVersion = "Xcode 9.3";
			developmentRegion = en;
			hasScannedForEncodings = 0;
			knownRegions = (
				en,
				Base,
			);
			mainGroup = 72CF4A62252B3B33003C44BB;
			productRefGroup = 72CF4A6C252B3B33003C44BB /* Products */;
			projectDirPath = "";
			projectRoot = "";
			targets = (
				72CF4A6A252B3B33003C44BB /* TestApp */,
			);
		};
/* End PBXProject section */

/* Begin PBXResourcesBuildPhase section */
		72CF4A69252B3B33003C44BB /* Resources */ = {
			isa = PBXResourcesBuildPhase;
			buildActionMask = 2147483647;
			files = (
				CED1EEB625449FCE00E2945A /* 3.png in Resources */,
				CED1EEB025448D3A00E2945A /* 1.png in Resources */,
				CED1EEB725449FCE00E2945A /* 2.png in Resources */,
				CED1EEB925449FCE00E2945A /* 5.png in Resources */,
				CED1EEB825449FCE00E2945A /* 4.png in Resources */,
				72CF4A78252B3B35003C44BB /* Assets.xcassets in Resources */,
			);
			runOnlyForDeploymentPostprocessing = 0;
		};
/* End PBXResourcesBuildPhase section */

/* Begin PBXSourcesBuildPhase section */
		72CF4A67252B3B33003C44BB /* Sources */ = {
			isa = PBXSourcesBuildPhase;
			buildActionMask = 2147483647;
			files = (
				72CF4A73252B3B33003C44BB /* ViewController.swift in Sources */,
				72CF4A6F252B3B33003C44BB /* AppDelegate.swift in Sources */,
				72CF4A71252B3B33003C44BB /* SceneDelegate.swift in Sources */,
				CED1EEBC2544C4B100E2945A /* CollectionViewController.swift in Sources */,
			);
			runOnlyForDeploymentPostprocessing = 0;
		};
/* End PBXSourcesBuildPhase section */

/* Begin XCBuildConfiguration section */
		72CF4A7D252B3B35003C44BB /* Debug */ = {
			isa = XCBuildConfiguration;
			buildSettings = {
				ALWAYS_SEARCH_USER_PATHS = NO;
				CLANG_ANALYZER_NONNULL = YES;
				CLANG_ANALYZER_NUMBER_OBJECT_CONVERSION = YES_AGGRESSIVE;
				CLANG_CXX_LANGUAGE_STANDARD = "gnu++14";
				CLANG_CXX_LIBRARY = "libc++";
				CLANG_ENABLE_MODULES = YES;
				CLANG_ENABLE_OBJC_ARC = YES;
				CLANG_ENABLE_OBJC_WEAK = YES;
				CLANG_WARN_BLOCK_CAPTURE_AUTORELEASING = YES;
				CLANG_WARN_BOOL_CONVERSION = YES;
				CLANG_WARN_COMMA = YES;
				CLANG_WARN_CONSTANT_CONVERSION = YES;
				CLANG_WARN_DEPRECATED_OBJC_IMPLEMENTATIONS = YES;
				CLANG_WARN_DIRECT_OBJC_ISA_USAGE = YES_ERROR;
				CLANG_WARN_DOCUMENTATION_COMMENTS = YES;
				CLANG_WARN_EMPTY_BODY = YES;
				CLANG_WARN_ENUM_CONVERSION = YES;
				CLANG_WARN_INFINITE_RECURSION = YES;
				CLANG_WARN_INT_CONVERSION = YES;
				CLANG_WARN_NON_LITERAL_NULL_CONVERSION = YES;
				CLANG_WARN_OBJC_IMPLICIT_RETAIN_SELF = YES;
				CLANG_WARN_OBJC_LITERAL_CONVERSION = YES;
				CLANG_WARN_OBJC_ROOT_CLASS = YES_ERROR;
				CLANG_WARN_QUOTED_INCLUDE_IN_FRAMEWORK_HEADER = YES;
				CLANG_WARN_RANGE_LOOP_ANALYSIS = YES;
				CLANG_WARN_STRICT_PROTOTYPES = YES;
				CLANG_WARN_SUSPICIOUS_MOVE = YES;
				CLANG_WARN_UNGUARDED_AVAILABILITY = YES_AGGRESSIVE;
				CLANG_WARN_UNREACHABLE_CODE = YES;
				CLANG_WARN__DUPLICATE_METHOD_MATCH = YES;
				COPY_PHASE_STRIP = NO;
				DEBUG_INFORMATION_FORMAT = dwarf;
				ENABLE_STRICT_OBJC_MSGSEND = YES;
				ENABLE_TESTABILITY = YES;
				GCC_C_LANGUAGE_STANDARD = gnu11;
				GCC_DYNAMIC_NO_PIC = NO;
				GCC_NO_COMMON_BLOCKS = YES;
				GCC_OPTIMIZATION_LEVEL = 0;
				GCC_PREPROCESSOR_DEFINITIONS = (
					"DEBUG=1",
					"$(inherited)",
				);
				GCC_WARN_64_TO_32_BIT_CONVERSION = YES;
				GCC_WARN_ABOUT_RETURN_TYPE = YES_ERROR;
				GCC_WARN_UNDECLARED_SELECTOR = YES;
				GCC_WARN_UNINITIALIZED_AUTOS = YES_AGGRESSIVE;
				GCC_WARN_UNUSED_FUNCTION = YES;
				GCC_WARN_UNUSED_VARIABLE = YES;
				IPHONEOS_DEPLOYMENT_TARGET = 14.0;
				MTL_ENABLE_DEBUG_INFO = INCLUDE_SOURCE;
				MTL_FAST_MATH = YES;
				ONLY_ACTIVE_ARCH = YES;
				SDKROOT = iphoneos;
				SWIFT_ACTIVE_COMPILATION_CONDITIONS = DEBUG;
				SWIFT_OPTIMIZATION_LEVEL = "-Onone";
			};
			name = Debug;
		};
		72CF4A7E252B3B35003C44BB /* Release */ = {
			isa = XCBuildConfiguration;
			buildSettings = {
				ALWAYS_SEARCH_USER_PATHS = NO;
				CLANG_ANALYZER_NONNULL = YES;
				CLANG_ANALYZER_NUMBER_OBJECT_CONVERSION = YES_AGGRESSIVE;
				CLANG_CXX_LANGUAGE_STANDARD = "gnu++14";
				CLANG_CXX_LIBRARY = "libc++";
				CLANG_ENABLE_MODULES = YES;
				CLANG_ENABLE_OBJC_ARC = YES;
				CLANG_ENABLE_OBJC_WEAK = YES;
				CLANG_WARN_BLOCK_CAPTURE_AUTORELEASING = YES;
				CLANG_WARN_BOOL_CONVERSION = YES;
				CLANG_WARN_COMMA = YES;
				CLANG_WARN_CONSTANT_CONVERSION = YES;
				CLANG_WARN_DEPRECATED_OBJC_IMPLEMENTATIONS = YES;
				CLANG_WARN_DIRECT_OBJC_ISA_USAGE = YES_ERROR;
				CLANG_WARN_DOCUMENTATION_COMMENTS = YES;
				CLANG_WARN_EMPTY_BODY = YES;
				CLANG_WARN_ENUM_CONVERSION = YES;
				CLANG_WARN_INFINITE_RECURSION = YES;
				CLANG_WARN_INT_CONVERSION = YES;
				CLANG_WARN_NON_LITERAL_NULL_CONVERSION = YES;
				CLANG_WARN_OBJC_IMPLICIT_RETAIN_SELF = YES;
				CLANG_WARN_OBJC_LITERAL_CONVERSION = YES;
				CLANG_WARN_OBJC_ROOT_CLASS = YES_ERROR;
				CLANG_WARN_QUOTED_INCLUDE_IN_FRAMEWORK_HEADER = YES;
				CLANG_WARN_RANGE_LOOP_ANALYSIS = YES;
				CLANG_WARN_STRICT_PROTOTYPES = YES;
				CLANG_WARN_SUSPICIOUS_MOVE = YES;
				CLANG_WARN_UNGUARDED_AVAILABILITY = YES_AGGRESSIVE;
				CLANG_WARN_UNREACHABLE_CODE = YES;
				CLANG_WARN__DUPLICATE_METHOD_MATCH = YES;
				COPY_PHASE_STRIP = NO;
				DEBUG_INFORMATION_FORMAT = "dwarf-with-dsym";
				ENABLE_NS_ASSERTIONS = NO;
				ENABLE_STRICT_OBJC_MSGSEND = YES;
				GCC_C_LANGUAGE_STANDARD = gnu11;
				GCC_NO_COMMON_BLOCKS = YES;
				GCC_WARN_64_TO_32_BIT_CONVERSION = YES;
				GCC_WARN_ABOUT_RETURN_TYPE = YES_ERROR;
				GCC_WARN_UNDECLARED_SELECTOR = YES;
				GCC_WARN_UNINITIALIZED_AUTOS = YES_AGGRESSIVE;
				GCC_WARN_UNUSED_FUNCTION = YES;
				GCC_WARN_UNUSED_VARIABLE = YES;
				IPHONEOS_DEPLOYMENT_TARGET = 14.0;
				MTL_ENABLE_DEBUG_INFO = NO;
				MTL_FAST_MATH = YES;
				SDKROOT = iphoneos;
				SWIFT_COMPILATION_MODE = wholemodule;
				SWIFT_OPTIMIZATION_LEVEL = "-O";
				VALIDATE_PRODUCT = YES;
			};
			name = Release;
		};
		72CF4A80252B3B35003C44BB /* Debug */ = {
			isa = XCBuildConfiguration;
			buildSettings = {
				ASSETCATALOG_COMPILER_APPICON_NAME = AppIcon;
				ASSETCATALOG_COMPILER_GLOBAL_ACCENT_COLOR_NAME = AccentColor;
				CODE_SIGN_STYLE = Automatic;
				DEVELOPMENT_TEAM = 9R3GS79WBB;
				INFOPLIST_FILE = TestApp/Info.plist;
				LD_RUNPATH_SEARCH_PATHS = (
					"$(inherited)",
					"@executable_path/Frameworks",
				);
				PRODUCT_BUNDLE_IDENTIFIER = Oleg.TestApp;
				PRODUCT_NAME = "$(TARGET_NAME)";
				SWIFT_VERSION = 5.0;
				TARGETED_DEVICE_FAMILY = "1,2";
			};
			name = Debug;
		};
		72CF4A81252B3B35003C44BB /* Release */ = {
			isa = XCBuildConfiguration;
			buildSettings = {
				ASSETCATALOG_COMPILER_APPICON_NAME = AppIcon;
				ASSETCATALOG_COMPILER_GLOBAL_ACCENT_COLOR_NAME = AccentColor;
				CODE_SIGN_STYLE = Automatic;
				DEVELOPMENT_TEAM = 9R3GS79WBB;
				INFOPLIST_FILE = TestApp/Info.plist;
				LD_RUNPATH_SEARCH_PATHS = (
					"$(inherited)",
					"@executable_path/Frameworks",
				);
				PRODUCT_BUNDLE_IDENTIFIER = Oleg.TestApp;
				PRODUCT_NAME = "$(TARGET_NAME)";
				SWIFT_VERSION = 5.0;
				TARGETED_DEVICE_FAMILY = "1,2";
			};
			name = Release;
		};
/* End XCBuildConfiguration section */

/* Begin XCConfigurationList section */
		72CF4A66252B3B33003C44BB /* Build configuration list for PBXProject "TestApp" */ = {
			isa = XCConfigurationList;
			buildConfigurations = (
				72CF4A7D252B3B35003C44BB /* Debug */,
				72CF4A7E252B3B35003C44BB /* Release */,
			);
			defaultConfigurationIsVisible = 0;
			defaultConfigurationName = Release;
		};
		72CF4A7F252B3B35003C44BB /* Build configuration list for PBXNativeTarget "TestApp" */ = {
			isa = XCConfigurationList;
			buildConfigurations = (
				72CF4A80252B3B35003C44BB /* Debug */,
				72CF4A81252B3B35003C44BB /* Release */,
			);
			defaultConfigurationIsVisible = 0;
			defaultConfigurationName = Release;
		};
/* End XCConfigurationList section */
	};
	rootObject = 72CF4A63252B3B33003C44BB /* Project object */;
}
